Microsoft Visual Studio Solution File, Format Version 12.00
# Visual Studio Version 17
VisualStudioVersion = 17.5.2.0
MinimumVisualStudioVersion = 10.0.40219.1
Project("{FAE04EC0-301F-11D3-BF4B-00C04F79EFBC}") = "TestGit", "TestGit\TestGit.csproj", "{F173BEC0-1EE8-40AC-ACF1-DF91E642E3AE}"
EndProject
Global
	GlobalSection(SolutionConfigurationPlatforms) = preSolution
		Debug|Any CPU = Debug|Any CPU
		Release|Any CPU = Release|Any CPU
	EndGlobalSection
	GlobalSection(ProjectConfigurationPlatforms) = postSolution
		{F173BEC0-1EE8-40AC-ACF1-DF91E642E3AE}.Debug|Any CPU.ActiveCfg = Debug|Any CPU
		{F173BEC0-1EE8-40AC-ACF1-DF91E642E3AE}.Debug|Any CPU.Build.0 = Debug|Any CPU
		{F173BEC0-1EE8-40AC-ACF1-DF91E642E3AE}.Release|Any CPU.ActiveCfg = Release|Any CPU
		{F173BEC0-1EE8-40AC-ACF1-DF91E642E3AE}.Release|Any CPU.Build.0 = Release|Any CPU
	EndGlobalSection
	GlobalSection(SolutionProperties) = preSolution
		HideSolutionNode = FALSE
	EndGlobalSection
	GlobalSection(ExtensibilityGlobals) = postSolution
		SolutionGuid = {960DE8C5-87F6-4CED-AD32-BD795734C6ED}
	EndGlobalSection
EndGlobal
